// !$*UTF8*$!
{
	archiveVersion = 1;
	classes = {
	};
	objectVersion = 46;
	objects = {

/* Begin PBXBuildFile section */
		52A7B8371916805D00B87EAA /* Foundation.framework in Frameworks */ = {isa = PBXBuildFile; fileRef = 52A7B8361916805D00B87EAA /* Foundation.framework */; };
		52A7B8391916805D00B87EAA /* CoreGraphics.framework in Frameworks */ = {isa = PBXBuildFile; fileRef = 52A7B8381916805D00B87EAA /* CoreGraphics.framework */; };
		52A7B83B1916805D00B87EAA /* UIKit.framework in Frameworks */ = {isa = PBXBuildFile; fileRef = 52A7B83A1916805D00B87EAA /* UIKit.framework */; };
		52A7B8411916805D00B87EAA /* InfoPlist.strings in Resources */ = {isa = PBXBuildFile; fileRef = 52A7B83F1916805D00B87EAA /* InfoPlist.strings */; };
		52A7B8431916805D00B87EAA /* main.m in Sources */ = {isa = PBXBuildFile; fileRef = 52A7B8421916805D00B87EAA /* main.m */; };
		52A7B8471916805D00B87EAA /* AppDelegate.m in Sources */ = {isa = PBXBuildFile; fileRef = 52A7B8461916805D00B87EAA /* AppDelegate.m */; };
		52A7B84A1916805D00B87EAA /* Main.storyboard in Resources */ = {isa = PBXBuildFile; fileRef = 52A7B8481916805D00B87EAA /* Main.storyboard */; };
		52A7B84D1916805D00B87EAA /* ViewController.m in Sources */ = {isa = PBXBuildFile; fileRef = 52A7B84C1916805D00B87EAA /* ViewController.m */; };
		52A7B84F1916805D00B87EAA /* Images.xcassets in Resources */ = {isa = PBXBuildFile; fileRef = 52A7B84E1916805D00B87EAA /* Images.xcassets */; };
		52A7B8561916805D00B87EAA /* XCTest.framework in Frameworks */ = {isa = PBXBuildFile; fileRef = 52A7B8551916805D00B87EAA /* XCTest.framework */; };
		52A7B8571916805D00B87EAA /* Foundation.framework in Frameworks */ = {isa = PBXBuildFile; fileRef = 52A7B8361916805D00B87EAA /* Foundation.framework */; };
		52A7B8581916805D00B87EAA /* UIKit.framework in Frameworks */ = {isa = PBXBuildFile; fileRef = 52A7B83A1916805D00B87EAA /* UIKit.framework */; };
		52A7B8601916805D00B87EAA /* InfoPlist.strings in Resources */ = {isa = PBXBuildFile; fileRef = 52A7B85E1916805D00B87EAA /* InfoPlist.strings */; };
		52A7B8621916805D00B87EAA /* ActionSheetDemoTests.m in Sources */ = {isa = PBXBuildFile; fileRef = 52A7B8611916805D00B87EAA /* ActionSheetDemoTests.m */; };
/* End PBXBuildFile section */

/* Begin PBXContainerItemProxy section */
		52A7B8591916805D00B87EAA /* PBXContainerItemProxy */ = {
			isa = PBXContainerItemProxy;
			containerPortal = 52A7B82B1916805D00B87EAA /* Project object */;
			proxyType = 1;
			remoteGlobalIDString = 52A7B8321916805D00B87EAA;
			remoteInfo = ActionSheetDemo;
		};
/* End PBXContainerItemProxy section */

/* Begin PBXFileReference section */
		52A7B8331916805D00B87EAA /* ActionSheetDemo.app */ = {isa = PBXFileReference; explicitFileType = wrapper.application; includeInIndex = 0; path = ActionSheetDemo.app; sourceTree = BUILT_PRODUCTS_DIR; };
		52A7B8361916805D00B87EAA /* Foundation.framework */ = {isa = PBXFileReference; lastKnownFileType = wrapper.framework; name = Foundation.framework; path = System/Library/Frameworks/Foundation.framework; sourceTree = SDKROOT; };
		52A7B8381916805D00B87EAA /* CoreGraphics.framework */ = {isa = PBXFileReference; lastKnownFileType = wrapper.framework; name = CoreGraphics.framework; path = System/Library/Frameworks/CoreGraphics.framework; sourceTree = SDKROOT; };
		52A7B83A1916805D00B87EAA /* UIKit.framework */ = {isa = PBXFileReference; lastKnownFileType = wrapper.framework; name = UIKit.framework; path = System/Library/Frameworks/UIKit.framework; sourceTree = SDKROOT; };
		52A7B83E1916805D00B87EAA /* ActionSheetDemo-Info.plist */ = {isa = PBXFileReference; lastKnownFileType = text.plist.xml; path = "ActionSheetDemo-Info.plist"; sourceTree = "<group>"; };
		52A7B8401916805D00B87EAA /* en */ = {isa = PBXFileReference; lastKnownFileType = text.plist.strings; name = en; path = en.lproj/InfoPlist.strings; sourceTree = "<group>"; };
		52A7B8421916805D00B87EAA /* main.m */ = {isa = PBXFileReference; lastKnownFileType = sourcecode.c.objc; path = main.m; sourceTree = "<group>"; };
		52A7B8441916805D00B87EAA /* ActionSheetDemo-Prefix.pch */ = {isa = PBXFileReference; lastKnownFileType = sourcecode.c.h; path = "ActionSheetDemo-Prefix.pch"; sourceTree = "<group>"; };
		52A7B8451916805D00B87EAA /* AppDelegate.h */ = {isa = PBXFileReference; lastKnownFileType = sourcecode.c.h; path = AppDelegate.h; sourceTree = "<group>"; };
		52A7B8461916805D00B87EAA /* AppDelegate.m */ = {isa = PBXFileReference; lastKnownFileType = sourcecode.c.objc; path = AppDelegate.m; sourceTree = "<group>"; };
		52A7B8491916805D00B87EAA /* Base */ = {isa = PBXFileReference; lastKnownFileType = file.storyboard; name = Base; path = Base.lproj/Main.storyboard; sourceTree = "<group>"; };
		52A7B84B1916805D00B87EAA /* ViewController.h */ = {isa = PBXFileReference; lastKnownFileType = sourcecode.c.h; path = ViewController.h; sourceTree = "<group>"; };
		52A7B84C1916805D00B87EAA /* ViewController.m */ = {isa = PBXFileReference; lastKnownFileType = sourcecode.c.objc; path = ViewController.m; sourceTree = "<group>"; };
		52A7B84E1916805D00B87EAA /* Images.xcassets */ = {isa = PBXFileReference; lastKnownFileType = folder.assetcatalog; path = Images.xcassets; sourceTree = "<group>"; };
		52A7B8541916805D00B87EAA /* ActionSheetDemoTests.xctest */ = {isa = PBXFileReference; explicitFileType = wrapper.cfbundle; includeInIndex = 0; path = ActionSheetDemoTests.xctest; sourceTree = BUILT_PRODUCTS_DIR; };
		52A7B8551916805D00B87EAA /* XCTest.framework */ = {isa = PBXFileReference; lastKnownFileType = wrapper.framework; name = XCTest.framework; path = Library/Frameworks/XCTest.framework; sourceTree = DEVELOPER_DIR; };
		52A7B85D1916805D00B87EAA /* ActionSheetDemoTests-Info.plist */ = {isa = PBXFileReference; lastKnownFileType = text.plist.xml; path = "ActionSheetDemoTests-Info.plist"; sourceTree = "<group>"; };
		52A7B85F1916805D00B87EAA /* en */ = {isa = PBXFileReference; lastKnownFileType = text.plist.strings; name = en; path = en.lproj/InfoPlist.strings; sourceTree = "<group>"; };
		52A7B8611916805D00B87EAA /* ActionSheetDemoTests.m */ = {isa = PBXFileReference; lastKnownFileType = sourcecode.c.objc; path = ActionSheetDemoTests.m; sourceTree = "<group>"; };
/* End PBXFileReference section */

/* Begin PBXFrameworksBuildPhase section */
		52A7B8301916805D00B87EAA /* Frameworks */ = {
			isa = PBXFrameworksBuildPhase;
			buildActionMask = 2147483647;
			files = (
				52A7B8391916805D00B87EAA /* CoreGraphics.framework in Frameworks */,
				52A7B83B1916805D00B87EAA /* UIKit.framework in Frameworks */,
				52A7B8371916805D00B87EAA /* Foundation.framework in Frameworks */,
			);
			runOnlyForDeploymentPostprocessing = 0;
		};
		52A7B8511916805D00B87EAA /* Frameworks */ = {
			isa = PBXFrameworksBuildPhase;
			buildActionMask = 2147483647;
			files = (
				52A7B8561916805D00B87EAA /* XCTest.framework in Frameworks */,
				52A7B8581916805D00B87EAA /* UIKit.framework in Frameworks */,
				52A7B8571916805D00B87EAA /* Foundation.framework in Frameworks */,
			);
			runOnlyForDeploymentPostprocessing = 0;
		};
/* End PBXFrameworksBuildPhase section */

/* Begin PBXGroup section */
		52A7B82A1916805D00B87EAA = {
			isa = PBXGroup;
			children = (
				52A7B83C1916805D00B87EAA /* ActionSheetDemo */,
				52A7B85B1916805D00B87EAA /* ActionSheetDemoTests */,
				52A7B8351916805D00B87EAA /* Frameworks */,
				52A7B8341916805D00B87EAA /* Products */,
			);
			sourceTree = "<group>";
		};
		52A7B8341916805D00B87EAA /* Products */ = {
			isa = PBXGroup;
			children = (
				52A7B8331916805D00B87EAA /* ActionSheetDemo.app */,
				52A7B8541916805D00B87EAA /* ActionSheetDemoTests.xctest */,
			);
			name = Products;
			sourceTree = "<group>";
		};
		52A7B8351916805D00B87EAA /* Frameworks */ = {
			isa = PBXGroup;
			children = (
				52A7B8361916805D00B87EAA /* Foundation.framework */,
				52A7B8381916805D00B87EAA /* CoreGraphics.framework */,
				52A7B83A1916805D00B87EAA /* UIKit.framework */,
				52A7B8551916805D00B87EAA /* XCTest.framework */,
			);
			name = Frameworks;
			sourceTree = "<group>";
		};
		52A7B83C1916805D00B87EAA /* ActionSheetDemo */ = {
			isa = PBXGroup;
			children = (
				52A7B8451916805D00B87EAA /* AppDelegate.h */,
				52A7B8461916805D00B87EAA /* AppDelegate.m */,
				52A7B8481916805D00B87EAA /* Main.storyboard */,
				52A7B84B1916805D00B87EAA /* ViewController.h */,
				52A7B84C1916805D00B87EAA /* ViewController.m */,
				52A7B84E1916805D00B87EAA /* Images.xcassets */,
				52A7B83D1916805D00B87EAA /* Supporting Files */,
			);
			path = ActionSheetDemo;
			sourceTree = "<group>";
		};
		52A7B83D1916805D00B87EAA /* Supporting Files */ = {
			isa = PBXGroup;
			children = (
				52A7B83E1916805D00B87EAA /* ActionSheetDemo-Info.plist */,
				52A7B83F1916805D00B87EAA /* InfoPlist.strings */,
				52A7B8421916805D00B87EAA /* main.m */,
				52A7B8441916805D00B87EAA /* ActionSheetDemo-Prefix.pch */,
			);
			name = "Supporting Files";
			sourceTree = "<group>";
		};
		52A7B85B1916805D00B87EAA /* ActionSheetDemoTests */ = {
			isa = PBXGroup;
			children = (
				52A7B8611916805D00B87EAA /* ActionSheetDemoTests.m */,
				52A7B85C1916805D00B87EAA /* Supporting Files */,
			);
			path = ActionSheetDemoTests;
			sourceTree = "<group>";
		};
		52A7B85C1916805D00B87EAA /* Supporting Files */ = {
			isa = PBXGroup;
			children = (
				52A7B85D1916805D00B87EAA /* ActionSheetDemoTests-Info.plist */,
				52A7B85E1916805D00B87EAA /* InfoPlist.strings */,
			);
			name = "Supporting Files";
			sourceTree = "<group>";
		};
/* End PBXGroup section */

/* Begin PBXNativeTarget section */
		52A7B8321916805D00B87EAA /* ActionSheetDemo */ = {
			isa = PBXNativeTarget;
			buildConfigurationList = 52A7B8651916805D00B87EAA /* Build configuration list for PBXNativeTarget "ActionSheetDemo" */;
			buildPhases = (
				52A7B82F1916805D00B87EAA /* Sources */,
				52A7B8301916805D00B87EAA /* Frameworks */,
				52A7B8311916805D00B87EAA /* Resources */,
			);
			buildRules = (
			);
			dependencies = (
			);
			name = ActionSheetDemo;
			productName = ActionSheetDemo;
			productReference = 52A7B8331916805D00B87EAA /* ActionSheetDemo.app */;
			productType = "com.apple.product-type.application";
		};
		52A7B8531916805D00B87EAA /* ActionSheetDemoTests */ = {
			isa = PBXNativeTarget;
			buildConfigurationList = 52A7B8681916805D00B87EAA /* Build configuration list for PBXNativeTarget "ActionSheetDemoTests" */;
			buildPhases = (
				52A7B8501916805D00B87EAA /* Sources */,
				52A7B8511916805D00B87EAA /* Frameworks */,
				52A7B8521916805D00B87EAA /* Resources */,
			);
			buildRules = (
			);
			dependencies = (
				52A7B85A1916805D00B87EAA /* PBXTargetDependency */,
			);
			name = ActionSheetDemoTests;
			productName = ActionSheetDemoTests;
			productReference = 52A7B8541916805D00B87EAA /* ActionSheetDemoTests.xctest */;
			productType = "com.apple.product-type.bundle.unit-test";
		};
/* End PBXNativeTarget section */

/* Begin PBXProject section */
		52A7B82B1916805D00B87EAA /* Project object */ = {
			isa = PBXProject;
			attributes = {
				LastUpgradeCheck = 0510;
				ORGANIZATIONNAME = "Mohamed fawzy";
				TargetAttributes = {
					52A7B8531916805D00B87EAA = {
						TestTargetID = 52A7B8321916805D00B87EAA;
					};
				};
			};
			buildConfigurationList = 52A7B82E1916805D00B87EAA /* Build configuration list for PBXProject "ActionSheetDemo" */;
			compatibilityVersion = "Xcode 3.2";
			developmentRegion = English;
			hasScannedForEncodings = 0;
			knownRegions = (
				en,
				Base,
			);
			mainGroup = 52A7B82A1916805D00B87EAA;
			productRefGroup = 52A7B8341916805D00B87EAA /* Products */;
			projectDirPath = "";
			projectRoot = "";
			targets = (
				52A7B8321916805D00B87EAA /* ActionSheetDemo */,
				52A7B8531916805D00B87EAA /* ActionSheetDemoTests */,
			);
		};
/* End PBXProject section */

/* Begin PBXResourcesBuildPhase section */
		52A7B8311916805D00B87EAA /* Resources */ = {
			isa = PBXResourcesBuildPhase;
			buildActionMask = 2147483647;
			files = (
				52A7B84F1916805D00B87EAA /* Images.xcassets in Resources */,
				52A7B8411916805D00B87EAA /* InfoPlist.strings in Resources */,
				52A7B84A1916805D00B87EAA /* Main.storyboard in Resources */,
			);
			runOnlyForDeploymentPostprocessing = 0;
		};
		52A7B8521916805D00B87EAA /* Resources */ = {
			isa = PBXResourcesBuildPhase;
			buildActionMask = 2147483647;
			files = (
				52A7B8601916805D00B87EAA /* InfoPlist.strings in Resources */,
			);
			runOnlyForDeploymentPostprocessing = 0;
		};
/* End PBXResourcesBuildPhase section */

/* Begin PBXSourcesBuildPhase section */
		52A7B82F1916805D00B87EAA /* Sources */ = {
			isa = PBXSourcesBuildPhase;
			buildActionMask = 2147483647;
			files = (
				52A7B84D1916805D00B87EAA /* ViewController.m in Sources */,
				52A7B8471916805D00B87EAA /* AppDelegate.m in Sources */,
				52A7B8431916805D00B87EAA /* main.m in Sources */,
			);
			runOnlyForDeploymentPostprocessing = 0;
		};
		52A7B8501916805D00B87EAA /* Sources */ = {
			isa = PBXSourcesBuildPhase;
			buildActionMask = 2147483647;
			files = (
				52A7B8621916805D00B87EAA /* ActionSheetDemoTests.m in Sources */,
			);
			runOnlyForDeploymentPostprocessing = 0;
		};
/* End PBXSourcesBuildPhase section */

/* Begin PBXTargetDependency section */
		52A7B85A1916805D00B87EAA /* PBXTargetDependency */ = {
			isa = PBXTargetDependency;
			target = 52A7B8321916805D00B87EAA /* ActionSheetDemo */;
			targetProxy = 52A7B8591916805D00B87EAA /* PBXContainerItemProxy */;
		};
/* End PBXTargetDependency section */

/* Begin PBXVariantGroup section */
		52A7B83F1916805D00B87EAA /* InfoPlist.strings */ = {
			isa = PBXVariantGroup;
			children = (
				52A7B8401916805D00B87EAA /* en */,
			);
			name = InfoPlist.strings;
			sourceTree = "<group>";
		};
		52A7B8481916805D00B87EAA /* Main.storyboard */ = {
			isa = PBXVariantGroup;
			children = (
				52A7B8491916805D00B87EAA /* Base */,
			);
			name = Main.storyboard;
			sourceTree = "<group>";
		};
		52A7B85E1916805D00B87EAA /* InfoPlist.strings */ = {
			isa = PBXVariantGroup;
			children = (
				52A7B85F1916805D00B87EAA /* en */,
			);
			name = InfoPlist.strings;
			sourceTree = "<group>";
		};
/* End PBXVariantGroup section */

/* Begin XCBuildConfiguration section */
		52A7B8631916805D00B87EAA /* Debug */ = {
			isa = XCBuildConfiguration;
			buildSettings = {
				ALWAYS_SEARCH_USER_PATHS = NO;
				CLANG_CXX_LANGUAGE_STANDARD = "gnu++0x";
				CLANG_CXX_LIBRARY = "libc++";
				CLANG_ENABLE_MODULES = YES;
				CLANG_ENABLE_OBJC_ARC = YES;
				CLANG_WARN_BOOL_CONVERSION = YES;
				CLANG_WARN_CONSTANT_CONVERSION = YES;
				CLANG_WARN_DIRECT_OBJC_ISA_USAGE = YES_ERROR;
				CLANG_WARN_EMPTY_BODY = YES;
				CLANG_WARN_ENUM_CONVERSION = YES;
				CLANG_WARN_INT_CONVERSION = YES;
				CLANG_WARN_OBJC_ROOT_CLASS = YES_ERROR;
				CLANG_WARN__DUPLICATE_METHOD_MATCH = YES;
				"CODE_SIGN_IDENTITY[sdk=iphoneos*]" = "iPhone Developer";
				COPY_PHASE_STRIP = NO;
				GCC_C_LANGUAGE_STANDARD = gnu99;
				GCC_DYNAMIC_NO_PIC = NO;
				GCC_OPTIMIZATION_LEVEL = 0;
				GCC_PREPROCESSOR_DEFINITIONS = (
					"DEBUG=1",
					"$(inherited)",
				);
				GCC_SYMBOLS_PRIVATE_EXTERN = NO;
				GCC_WARN_64_TO_32_BIT_CONVERSION = YES;
				GCC_WARN_ABOUT_RETURN_TYPE = YES_ERROR;
				GCC_WARN_UNDECLARED_SELECTOR = YES;
				GCC_WARN_UNINITIALIZED_AUTOS = YES_AGGRESSIVE;
				GCC_WARN_UNUSED_FUNCTION = YES;
				GCC_WARN_UNUSED_VARIABLE = YES;
				IPHONEOS_DEPLOYMENT_TARGET = 7.1;
				ONLY_ACTIVE_ARCH = YES;
				SDKROOT = iphoneos;
			};
			name = Debug;
		};
		52A7B8641916805D00B87EAA /* Release */ = {
			isa = XCBuildConfiguration;
			buildSettings = {
				ALWAYS_SEARCH_USER_PATHS = NO;
				CLANG_CXX_LANGUAGE_STANDARD = "gnu++0x";
				CLANG_CXX_LIBRARY = "libc++";
				CLANG_ENABLE_MODULES = YES;
				CLANG_ENABLE_OBJC_ARC = YES;
				CLANG_WARN_BOOL_CONVERSION = YES;
				CLANG_WARN_CONSTANT_CONVERSION = YES;
				CLANG_WARN_DIRECT_OBJC_ISA_USAGE = YES_ERROR;
				CLANG_WARN_EMPTY_BODY = YES;
				CLANG_WARN_ENUM_CONVERSION = YES;
				CLANG_WARN_INT_CONVERSION = YES;
				CLANG_WARN_OBJC_ROOT_CLASS = YES_ERROR;
				CLANG_WARN__DUPLICATE_METHOD_MATCH = YES;
				"CODE_SIGN_IDENTITY[sdk=iphoneos*]" = "iPhone Developer";
				COPY_PHASE_STRIP = YES;
				ENABLE_NS_ASSERTIONS = NO;
				GCC_C_LANGUAGE_STANDARD = gnu99;
				GCC_WARN_64_TO_32_BIT_CONVERSION = YES;
				GCC_WARN_ABOUT_RETURN_TYPE = YES_ERROR;
				GCC_WARN_UNDECLARED_SELECTOR = YES;
				GCC_WARN_UNINITIALIZED_AUTOS = YES_AGGRESSIVE;
				GCC_WARN_UNUSED_FUNCTION = YES;
				GCC_WARN_UNUSED_VARIABLE = YES;
				IPHONEOS_DEPLOYMENT_TARGET = 7.1;
				SDKROOT = iphoneos;
				VALIDATE_PRODUCT = YES;
			};
			name = Release;
		};
		52A7B8661916805D00B87EAA /* Debug */ = {
			isa = XCBuildConfiguration;
			buildSettings = {
				ASSETCATALOG_COMPILER_APPICON_NAME = AppIcon;
				ASSETCATALOG_COMPILER_LAUNCHIMAGE_NAME = LaunchImage;
				GCC_PRECOMPILE_PREFIX_HEADER = YES;
				GCC_PREFIX_HEADER = "ActionSheetDemo/ActionSheetDemo-Prefix.pch";
				INFOPLIST_FILE = "ActionSheetDemo/ActionSheetDemo-Info.plist";
				PRODUCT_NAME = "$(TARGET_NAME)";
				WRAPPER_EXTENSION = app;
			};
			name = Debug;
		};
		52A7B8671916805D00B87EAA /* Release */ = {
			isa = XCBuildConfiguration;
			buildSettings = {
				ASSETCATALOG_COMPILER_APPICON_NAME = AppIcon;
				ASSETCATALOG_COMPILER_LAUNCHIMAGE_NAME = LaunchImage;
				GCC_PRECOMPILE_PREFIX_HEADER = YES;
				GCC_PREFIX_HEADER = "ActionSheetDemo/ActionSheetDemo-Prefix.pch";
				INFOPLIST_FILE = "ActionSheetDemo/ActionSheetDemo-Info.plist";
				PRODUCT_NAME = "$(TARGET_NAME)";
				WRAPPER_EXTENSION = app;
			};
			name = Release;
		};
		52A7B8691916805D00B87EAA /* Debug */ = {
			isa = XCBuildConfiguration;
			buildSettings = {
				BUNDLE_LOADER = "$(BUILT_PRODUCTS_DIR)/ActionSheetDemo.app/ActionSheetDemo";
				FRAMEWORK_SEARCH_PATHS = (
					"$(SDKROOT)/Developer/Library/Frameworks",
					"$(inherited)",
					"$(DEVELOPER_FRAMEWORKS_DIR)",
				);
				GCC_PRECOMPILE_PREFIX_HEADER = YES;
				GCC_PREFIX_HEADER = "ActionSheetDemo/ActionSheetDemo-Prefix.pch";
				GCC_PREPROCESSOR_DEFINITIONS = (
					"DEBUG=1",
					"$(inherited)",
				);
				INFOPLIST_FILE = "ActionSheetDemoTests/ActionSheetDemoTests-Info.plist";
				PRODUCT_NAME = "$(TARGET_NAME)";
				TEST_HOST = "$(BUNDLE_LOADER)";
				WRAPPER_EXTENSION = xctest;
			};
			name = Debug;
		};
		52A7B86A1916805D00B87EAA /* Release */ = {
			isa = XCBuildConfiguration;
			buildSettings = {
				BUNDLE_LOADER = "$(BUILT_PRODUCTS_DIR)/ActionSheetDemo.app/ActionSheetDemo";
				FRAMEWORK_SEARCH_PATHS = (
					"$(SDKROOT)/Developer/Library/Frameworks",
					"$(inherited)",
					"$(DEVELOPER_FRAMEWORKS_DIR)",
				);
				GCC_PRECOMPILE_PREFIX_HEADER = YES;
				GCC_PREFIX_HEADER = "ActionSheetDemo/ActionSheetDemo-Prefix.pch";
				INFOPLIST_FILE = "ActionSheetDemoTests/ActionSheetDemoTests-Info.plist";
				PRODUCT_NAME = "$(TARGET_NAME)";
				TEST_HOST = "$(BUNDLE_LOADER)";
				WRAPPER_EXTENSION = xctest;
			};
			name = Release;
		};
/* End XCBuildConfiguration section */

/* Begin XCConfigurationList section */
		52A7B82E1916805D00B87EAA /* Build configuration list for PBXProject "ActionSheetDemo" */ = {
			isa = XCConfigurationList;
			buildConfigurations = (
				52A7B8631916805D00B87EAA /* Debug */,
				52A7B8641916805D00B87EAA /* Release */,
			);
			defaultConfigurationIsVisible = 0;
			defaultConfigurationName = Release;
		};
		52A7B8651916805D00B87EAA /* Build configuration list for PBXNativeTarget "ActionSheetDemo" */ = {
			isa = XCConfigurationList;
			buildConfigurations = (
				52A7B8661916805D00B87EAA /* Debug */,
				52A7B8671916805D00B87EAA /* Release */,
			);
			defaultConfigurationIsVisible = 0;
		};
		52A7B8681916805D00B87EAA /* Build configuration list for PBXNativeTarget "ActionSheetDemoTests" */ = {
			isa = XCConfigurationList;
			buildConfigurations = (
				52A7B8691916805D00B87EAA /* Debug */,
				52A7B86A1916805D00B87EAA /* Release */,
			);
			defaultConfigurationIsVisible = 0;
		};
/* End XCConfigurationList section */
	};
	rootObject = 52A7B82B1916805D00B87EAA /* Project object */;
}
